
Microsoft Visual Studio Solution File, Format Version 12.00
# Visual Studio Version 17
VisualStudioVersion = 17.0.31903.59
MinimumVisualStudioVersion = 10.0.40219.1
Project("{2150E333-8FDC-42A3-9474-1A3956D46DE8}") = "src", "src", "{827E0CD3-B72D-47B6-A68D-7590B98EB39B}"
EndProject
Project("{2150E333-8FDC-42A3-9474-1A3956D46DE8}") = "Core", "Core", "{8D626EA8-CB54-BC41-363A-217881BEBA6E}"
EndProject
Project("{2150E333-8FDC-42A3-9474-1A3956D46DE8}") = "Domain", "Domain", "{53986343-908A-6037-C70A-1919D3E9F8C3}"
EndProject
Project("{FAE04EC0-301F-11D3-BF4B-00C04F79EFBC}") = "TheSeatLine.Domain", "src\Core\Domain\TheSeatLine.Domain\TheSeatLine.Domain.csproj", "{636CFD16-B87F-4C6E-B2E8-203CAAEBF8F2}"
EndProject
Project("{2150E333-8FDC-42A3-9474-1A3956D46DE8}") = "Application", "Application", "{0CDA018B-BDBD-8926-19A4-D41D9F91466A}"
EndProject
Project("{FAE04EC0-301F-11D3-BF4B-00C04F79EFBC}") = "TheSeatLine.Application", "src\Core\Application\TheSeatLine.Application\TheSeatLine.Application.csproj", "{CB4CCC09-6DD1-40CF-8E0D-31B8F576655C}"
EndProject
Project("{2150E333-8FDC-42A3-9474-1A3956D46DE8}") = "Infrastructure", "Infrastructure", "{9048EB7F-3875-A59E-E36B-5BD4C6F2A282}"
EndProject
Project("{2150E333-8FDC-42A3-9474-1A3956D46DE8}") = "Persistence", "Persistence", "{813E7100-D1EB-AF84-2D96-A854DDFD8E47}"
EndProject
Project("{FAE04EC0-301F-11D3-BF4B-00C04F79EFBC}") = "TheSeatLine.Persistence", "src\Infrastructure\Persistence\TheSeatLine.Persistence\TheSeatLine.Persistence.csproj", "{D6A52CBF-9C54-4641-B0A5-D031FF24E0E3}"
EndProject
Project("{2150E333-8FDC-42A3-9474-1A3956D46DE8}") = "Identity", "Identity", "{E44477EE-6828-2837-8DE4-CF421F11CE3B}"
EndProject
Project("{FAE04EC0-301F-11D3-BF4B-00C04F79EFBC}") = "TheSeatLine.Identity", "src\Infrastructure\Identity\TheSeatLine.Identity\TheSeatLine.Identity.csproj", "{0B33C1A5-D235-481B-A379-066C6B9819C9}"
EndProject
Project("{2150E333-8FDC-42A3-9474-1A3956D46DE8}") = "Messaging", "Messaging", "{C7542521-C6DA-E1DE-3763-30DA17C69695}"
EndProject
Project("{FAE04EC0-301F-11D3-BF4B-00C04F79EFBC}") = "TheSeatLine.Messaging", "src\Infrastructure\Messaging\TheSeatLine.Messaging\TheSeatLine.Messaging.csproj", "{B3A03AEE-6E35-4452-AF20-704E32B8C914}"
EndProject
Project("{2150E333-8FDC-42A3-9474-1A3956D46DE8}") = "Presentation", "Presentation", "{6996BBF7-DB31-59BC-C7DD-9A7CCC6138C4}"
EndProject
Project("{2150E333-8FDC-42A3-9474-1A3956D46DE8}") = "API", "API", "{F830D33E-2158-97E9-31D2-79AFF3EE4A41}"
EndProject
Project("{FAE04EC0-301F-11D3-BF4B-00C04F79EFBC}") = "TheSeatLine.API", "src\Presentation\API\TheSeatLine.API\TheSeatLine.API.csproj", "{B820D4F6-5586-465E-A976-8C299748B382}"
EndProject
Project("{2150E333-8FDC-42A3-9474-1A3956D46DE8}") = "BackgroundServices", "BackgroundServices", "{EE4E28B6-3165-AE53-8273-3230247E2E06}"
EndProject
Project("{FAE04EC0-301F-11D3-BF4B-00C04F79EFBC}") = "TheSeatLine.BackgroundServices", "src\Presentation\BackgroundServices\TheSeatLine.BackgroundServices\TheSeatLine.BackgroundServices.csproj", "{D4591000-3F3B-4DD8-A5EA-C11A42F7E4CB}"
EndProject
Project("{2150E333-8FDC-42A3-9474-1A3956D46DE8}") = "tests", "tests", "{0AB3BF05-4346-4AA6-1389-037BE0695223}"
EndProject
Project("{2150E333-8FDC-42A3-9474-1A3956D46DE8}") = "UnitTests", "UnitTests", "{394A81D9-3C45-9818-BB26-23F2B85056FF}"
EndProject
Project("{FAE04EC0-301F-11D3-BF4B-00C04F79EFBC}") = "TheSeatLine.UnitTests", "tests\UnitTests\TheSeatLine.UnitTests\TheSeatLine.UnitTests.csproj", "{A3B4AF24-E379-4A6F-A8FA-69C4AE55BE68}"
EndProject
Project("{2150E333-8FDC-42A3-9474-1A3956D46DE8}") = "IntegrationTests", "IntegrationTests", "{30785934-E017-5D9F-2777-3D61460A5281}"
EndProject
Project("{FAE04EC0-301F-11D3-BF4B-00C04F79EFBC}") = "TheSeatLine.IntegrationTests", "tests\IntegrationTests\TheSeatLine.IntegrationTests\TheSeatLine.IntegrationTests.csproj", "{7373973F-18F9-41FB-9161-66DA1EC29F79}"
EndProject
Project("{2150E333-8FDC-42A3-9474-1A3956D46DE8}") = "FunctionalTests", "FunctionalTests", "{08C9E1BB-0988-BD0B-E94F-1E38E0DB7406}"
EndProject
Project("{FAE04EC0-301F-11D3-BF4B-00C04F79EFBC}") = "TheSeatLine.FunctionalTests", "tests\FunctionalTests\TheSeatLine.FunctionalTests\TheSeatLine.FunctionalTests.csproj", "{26EC9852-6A77-4972-A735-83A8449EB125}"
EndProject
Global
	GlobalSection(SolutionConfigurationPlatforms) = preSolution
		Debug|Any CPU = Debug|Any CPU
		Debug|x64 = Debug|x64
		Debug|x86 = Debug|x86
		Release|Any CPU = Release|Any CPU
		Release|x64 = Release|x64
		Release|x86 = Release|x86
	EndGlobalSection
	GlobalSection(ProjectConfigurationPlatforms) = postSolution
		{636CFD16-B87F-4C6E-B2E8-203CAAEBF8F2}.Debug|Any CPU.ActiveCfg = Debug|Any CPU
		{636CFD16-B87F-4C6E-B2E8-203CAAEBF8F2}.Debug|Any CPU.Build.0 = Debug|Any CPU
		{636CFD16-B87F-4C6E-B2E8-203CAAEBF8F2}.Debug|x64.ActiveCfg = Debug|Any CPU
		{636CFD16-B87F-4C6E-B2E8-203CAAEBF8F2}.Debug|x64.Build.0 = Debug|Any CPU
		{636CFD16-B87F-4C6E-B2E8-203CAAEBF8F2}.Debug|x86.ActiveCfg = Debug|Any CPU
		{636CFD16-B87F-4C6E-B2E8-203CAAEBF8F2}.Debug|x86.Build.0 = Debug|Any CPU
		{636CFD16-B87F-4C6E-B2E8-203CAAEBF8F2}.Release|Any CPU.ActiveCfg = Release|Any CPU
		{636CFD16-B87F-4C6E-B2E8-203CAAEBF8F2}.Release|Any CPU.Build.0 = Release|Any CPU
		{636CFD16-B87F-4C6E-B2E8-203CAAEBF8F2}.Release|x64.ActiveCfg = Release|Any CPU
		{636CFD16-B87F-4C6E-B2E8-203CAAEBF8F2}.Release|x64.Build.0 = Release|Any CPU
		{636CFD16-B87F-4C6E-B2E8-203CAAEBF8F2}.Release|x86.ActiveCfg = Release|Any CPU
		{636CFD16-B87F-4C6E-B2E8-203CAAEBF8F2}.Release|x86.Build.0 = Release|Any CPU
		{CB4CCC09-6DD1-40CF-8E0D-31B8F576655C}.Debug|Any CPU.ActiveCfg = Debug|Any CPU
		{CB4CCC09-6DD1-40CF-8E0D-31B8F576655C}.Debug|Any CPU.Build.0 = Debug|Any CPU
		{CB4CCC09-6DD1-40CF-8E0D-31B8F576655C}.Debug|x64.ActiveCfg = Debug|Any CPU
		{CB4CCC09-6DD1-40CF-8E0D-31B8F576655C}.Debug|x64.Build.0 = Debug|Any CPU
		{CB4CCC09-6DD1-40CF-8E0D-31B8F576655C}.Debug|x86.ActiveCfg = Debug|Any CPU
		{CB4CCC09-6DD1-40CF-8E0D-31B8F576655C}.Debug|x86.Build.0 = Debug|Any CPU
		{CB4CCC09-6DD1-40CF-8E0D-31B8F576655C}.Release|Any CPU.ActiveCfg = Release|Any CPU
		{CB4CCC09-6DD1-40CF-8E0D-31B8F576655C}.Release|Any CPU.Build.0 = Release|Any CPU
		{CB4CCC09-6DD1-40CF-8E0D-31B8F576655C}.Release|x64.ActiveCfg = Release|Any CPU
		{CB4CCC09-6DD1-40CF-8E0D-31B8F576655C}.Release|x64.Build.0 = Release|Any CPU
		{CB4CCC09-6DD1-40CF-8E0D-31B8F576655C}.Release|x86.ActiveCfg = Release|Any CPU
		{CB4CCC09-6DD1-40CF-8E0D-31B8F576655C}.Release|x86.Build.0 = Release|Any CPU
		{D6A52CBF-9C54-4641-B0A5-D031FF24E0E3}.Debug|Any CPU.ActiveCfg = Debug|Any CPU
		{D6A52CBF-9C54-4641-B0A5-D031FF24E0E3}.Debug|Any CPU.Build.0 = Debug|Any CPU
		{D6A52CBF-9C54-4641-B0A5-D031FF24E0E3}.Debug|x64.ActiveCfg = Debug|Any CPU
		{D6A52CBF-9C54-4641-B0A5-D031FF24E0E3}.Debug|x64.Build.0 = Debug|Any CPU
		{D6A52CBF-9C54-4641-B0A5-D031FF24E0E3}.Debug|x86.ActiveCfg = Debug|Any CPU
		{D6A52CBF-9C54-4641-B0A5-D031FF24E0E3}.Debug|x86.Build.0 = Debug|Any CPU
		{D6A52CBF-9C54-4641-B0A5-D031FF24E0E3}.Release|Any CPU.ActiveCfg = Release|Any CPU
		{D6A52CBF-9C54-4641-B0A5-D031FF24E0E3}.Release|Any CPU.Build.0 = Release|Any CPU
		{D6A52CBF-9C54-4641-B0A5-D031FF24E0E3}.Release|x64.ActiveCfg = Release|Any CPU
		{D6A52CBF-9C54-4641-B0A5-D031FF24E0E3}.Release|x64.Build.0 = Release|Any CPU
		{D6A52CBF-9C54-4641-B0A5-D031FF24E0E3}.Release|x86.ActiveCfg = Release|Any CPU
		{D6A52CBF-9C54-4641-B0A5-D031FF24E0E3}.Release|x86.Build.0 = Release|Any CPU
		{0B33C1A5-D235-481B-A379-066C6B9819C9}.Debug|Any CPU.ActiveCfg = Debug|Any CPU
		{0B33C1A5-D235-481B-A379-066C6B9819C9}.Debug|Any CPU.Build.0 = Debug|Any CPU
		{0B33C1A5-D235-481B-A379-066C6B9819C9}.Debug|x64.ActiveCfg = Debug|Any CPU
		{0B33C1A5-D235-481B-A379-066C6B9819C9}.Debug|x64.Build.0 = Debug|Any CPU
		{0B33C1A5-D235-481B-A379-066C6B9819C9}.Debug|x86.ActiveCfg = Debug|Any CPU
		{0B33C1A5-D235-481B-A379-066C6B9819C9}.Debug|x86.Build.0 = Debug|Any CPU
		{0B33C1A5-D235-481B-A379-066C6B9819C9}.Release|Any CPU.ActiveCfg = Release|Any CPU
		{0B33C1A5-D235-481B-A379-066C6B9819C9}.Release|Any CPU.Build.0 = Release|Any CPU
		{0B33C1A5-D235-481B-A379-066C6B9819C9}.Release|x64.ActiveCfg = Release|Any CPU
		{0B33C1A5-D235-481B-A379-066C6B9819C9}.Release|x64.Build.0 = Release|Any CPU
		{0B33C1A5-D235-481B-A379-066C6B9819C9}.Release|x86.ActiveCfg = Release|Any CPU
		{0B33C1A5-D235-481B-A379-066C6B9819C9}.Release|x86.Build.0 = Release|Any CPU
		{B3A03AEE-6E35-4452-AF20-704E32B8C914}.Debug|Any CPU.ActiveCfg = Debug|Any CPU
		{B3A03AEE-6E35-4452-AF20-704E32B8C914}.Debug|Any CPU.Build.0 = Debug|Any CPU
		{B3A03AEE-6E35-4452-AF20-704E32B8C914}.Debug|x64.ActiveCfg = Debug|Any CPU
		{B3A03AEE-6E35-4452-AF20-704E32B8C914}.Debug|x64.Build.0 = Debug|Any CPU
		{B3A03AEE-6E35-4452-AF20-704E32B8C914}.Debug|x86.ActiveCfg = Debug|Any CPU
		{B3A03AEE-6E35-4452-AF20-704E32B8C914}.Debug|x86.Build.0 = Debug|Any CPU
		{B3A03AEE-6E35-4452-AF20-704E32B8C914}.Release|Any CPU.ActiveCfg = Release|Any CPU
		{B3A03AEE-6E35-4452-AF20-704E32B8C914}.Release|Any CPU.Build.0 = Release|Any CPU
		{B3A03AEE-6E35-4452-AF20-704E32B8C914}.Release|x64.ActiveCfg = Release|Any CPU
		{B3A03AEE-6E35-4452-AF20-704E32B8C914}.Release|x64.Build.0 = Release|Any CPU
		{B3A03AEE-6E35-4452-AF20-704E32B8C914}.Release|x86.ActiveCfg = Release|Any CPU
		{B3A03AEE-6E35-4452-AF20-704E32B8C914}.Release|x86.Build.0 = Release|Any CPU
		{B820D4F6-5586-465E-A976-8C299748B382}.Debug|Any CPU.ActiveCfg = Debug|Any CPU
		{B820D4F6-5586-465E-A976-8C299748B382}.Debug|Any CPU.Build.0 = Debug|Any CPU
		{B820D4F6-5586-465E-A976-8C299748B382}.Debug|x64.ActiveCfg = Debug|Any CPU
		{B820D4F6-5586-465E-A976-8C299748B382}.Debug|x64.Build.0 = Debug|Any CPU
		{B820D4F6-5586-465E-A976-8C299748B382}.Debug|x86.ActiveCfg = Debug|Any CPU
		{B820D4F6-5586-465E-A976-8C299748B382}.Debug|x86.Build.0 = Debug|Any CPU
		{B820D4F6-5586-465E-A976-8C299748B382}.Release|Any CPU.ActiveCfg = Release|Any CPU
		{B820D4F6-5586-465E-A976-8C299748B382}.Release|Any CPU.Build.0 = Release|Any CPU
		{B820D4F6-5586-465E-A976-8C299748B382}.Release|x64.ActiveCfg = Release|Any CPU
		{B820D4F6-5586-465E-A976-8C299748B382}.Release|x64.Build.0 = Release|Any CPU
		{B820D4F6-5586-465E-A976-8C299748B382}.Release|x86.ActiveCfg = Release|Any CPU
		{B820D4F6-5586-465E-A976-8C299748B382}.Release|x86.Build.0 = Release|Any CPU
		{D4591000-3F3B-4DD8-A5EA-C11A42F7E4CB}.Debug|Any CPU.ActiveCfg = Debug|Any CPU
		{D4591000-3F3B-4DD8-A5EA-C11A42F7E4CB}.Debug|Any CPU.Build.0 = Debug|Any CPU
		{D4591000-3F3B-4DD8-A5EA-C11A42F7E4CB}.Debug|x64.ActiveCfg = Debug|Any CPU
		{D4591000-3F3B-4DD8-A5EA-C11A42F7E4CB}.Debug|x64.Build.0 = Debug|Any CPU
		{D4591000-3F3B-4DD8-A5EA-C11A42F7E4CB}.Debug|x86.ActiveCfg = Debug|Any CPU
		{D4591000-3F3B-4DD8-A5EA-C11A42F7E4CB}.Debug|x86.Build.0 = Debug|Any CPU
		{D4591000-3F3B-4DD8-A5EA-C11A42F7E4CB}.Release|Any CPU.ActiveCfg = Release|Any CPU
		{D4591000-3F3B-4DD8-A5EA-C11A42F7E4CB}.Release|Any CPU.Build.0 = Release|Any CPU
		{D4591000-3F3B-4DD8-A5EA-C11A42F7E4CB}.Release|x64.ActiveCfg = Release|Any CPU
		{D4591000-3F3B-4DD8-A5EA-C11A42F7E4CB}.Release|x64.Build.0 = Release|Any CPU
		{D4591000-3F3B-4DD8-A5EA-C11A42F7E4CB}.Release|x86.ActiveCfg = Release|Any CPU
		{D4591000-3F3B-4DD8-A5EA-C11A42F7E4CB}.Release|x86.Build.0 = Release|Any CPU
		{A3B4AF24-E379-4A6F-A8FA-69C4AE55BE68}.Debug|Any CPU.ActiveCfg = Debug|Any CPU
		{A3B4AF24-E379-4A6F-A8FA-69C4AE55BE68}.Debug|Any CPU.Build.0 = Debug|Any CPU
		{A3B4AF24-E379-4A6F-A8FA-69C4AE55BE68}.Debug|x64.ActiveCfg = Debug|Any CPU
		{A3B4AF24-E379-4A6F-A8FA-69C4AE55BE68}.Debug|x64.Build.0 = Debug|Any CPU
		{A3B4AF24-E379-4A6F-A8FA-69C4AE55BE68}.Debug|x86.ActiveCfg = Debug|Any CPU
		{A3B4AF24-E379-4A6F-A8FA-69C4AE55BE68}.Debug|x86.Build.0 = Debug|Any CPU
		{A3B4AF24-E379-4A6F-A8FA-69C4AE55BE68}.Release|Any CPU.ActiveCfg = Release|Any CPU
		{A3B4AF24-E379-4A6F-A8FA-69C4AE55BE68}.Release|Any CPU.Build.0 = Release|Any CPU
		{A3B4AF24-E379-4A6F-A8FA-69C4AE55BE68}.Release|x64.ActiveCfg = Release|Any CPU
		{A3B4AF24-E379-4A6F-A8FA-69C4AE55BE68}.Release|x64.Build.0 = Release|Any CPU
		{A3B4AF24-E379-4A6F-A8FA-69C4AE55BE68}.Release|x86.ActiveCfg = Release|Any CPU
		{A3B4AF24-E379-4A6F-A8FA-69C4AE55BE68}.Release|x86.Build.0 = Release|Any CPU
		{7373973F-18F9-41FB-9161-66DA1EC29F79}.Debug|Any CPU.ActiveCfg = Debug|Any CPU
		{7373973F-18F9-41FB-9161-66DA1EC29F79}.Debug|Any CPU.Build.0 = Debug|Any CPU
		{7373973F-18F9-41FB-9161-66DA1EC29F79}.Debug|x64.ActiveCfg = Debug|Any CPU
		{7373973F-18F9-41FB-9161-66DA1EC29F79}.Debug|x64.Build.0 = Debug|Any CPU
		{7373973F-18F9-41FB-9161-66DA1EC29F79}.Debug|x86.ActiveCfg = Debug|Any CPU
		{7373973F-18F9-41FB-9161-66DA1EC29F79}.Debug|x86.Build.0 = Debug|Any CPU
		{7373973F-18F9-41FB-9161-66DA1EC29F79}.Release|Any CPU.ActiveCfg = Release|Any CPU
		{7373973F-18F9-41FB-9161-66DA1EC29F79}.Release|Any CPU.Build.0 = Release|Any CPU
		{7373973F-18F9-41FB-9161-66DA1EC29F79}.Release|x64.ActiveCfg = Release|Any CPU
		{7373973F-18F9-41FB-9161-66DA1EC29F79}.Release|x64.Build.0 = Release|Any CPU
		{7373973F-18F9-41FB-9161-66DA1EC29F79}.Release|x86.ActiveCfg = Release|Any CPU
		{7373973F-18F9-41FB-9161-66DA1EC29F79}.Release|x86.Build.0 = Release|Any CPU
		{26EC9852-6A77-4972-A735-83A8449EB125}.Debug|Any CPU.ActiveCfg = Debug|Any CPU
		{26EC9852-6A77-4972-A735-83A8449EB125}.Debug|Any CPU.Build.0 = Debug|Any CPU
		{26EC9852-6A77-4972-A735-83A8449EB125}.Debug|x64.ActiveCfg = Debug|Any CPU
		{26EC9852-6A77-4972-A735-83A8449EB125}.Debug|x64.Build.0 = Debug|Any CPU
		{26EC9852-6A77-4972-A735-83A8449EB125}.Debug|x86.ActiveCfg = Debug|Any CPU
		{26EC9852-6A77-4972-A735-83A8449EB125}.Debug|x86.Build.0 = Debug|Any CPU
		{26EC9852-6A77-4972-A735-83A8449EB125}.Release|Any CPU.ActiveCfg = Release|Any CPU
		{26EC9852-6A77-4972-A735-83A8449EB125}.Release|Any CPU.Build.0 = Release|Any CPU
		{26EC9852-6A77-4972-A735-83A8449EB125}.Release|x64.ActiveCfg = Release|Any CPU
		{26EC9852-6A77-4972-A735-83A8449EB125}.Release|x64.Build.0 = Release|Any CPU
		{26EC9852-6A77-4972-A735-83A8449EB125}.Release|x86.ActiveCfg = Release|Any CPU
		{26EC9852-6A77-4972-A735-83A8449EB125}.Release|x86.Build.0 = Release|Any CPU
	EndGlobalSection
	GlobalSection(SolutionProperties) = preSolution
		HideSolutionNode = FALSE
	EndGlobalSection
	GlobalSection(NestedProjects) = preSolution
		{8D626EA8-CB54-BC41-363A-217881BEBA6E} = {827E0CD3-B72D-47B6-A68D-7590B98EB39B}
		{53986343-908A-6037-C70A-1919D3E9F8C3} = {8D626EA8-CB54-BC41-363A-217881BEBA6E}
		{636CFD16-B87F-4C6E-B2E8-203CAAEBF8F2} = {53986343-908A-6037-C70A-1919D3E9F8C3}
		{0CDA018B-BDBD-8926-19A4-D41D9F91466A} = {8D626EA8-CB54-BC41-363A-217881BEBA6E}
		{CB4CCC09-6DD1-40CF-8E0D-31B8F576655C} = {0CDA018B-BDBD-8926-19A4-D41D9F91466A}
		{9048EB7F-3875-A59E-E36B-5BD4C6F2A282} = {827E0CD3-B72D-47B6-A68D-7590B98EB39B}
		{813E7100-D1EB-AF84-2D96-A854DDFD8E47} = {9048EB7F-3875-A59E-E36B-5BD4C6F2A282}
		{D6A52CBF-9C54-4641-B0A5-D031FF24E0E3} = {813E7100-D1EB-AF84-2D96-A854DDFD8E47}
		{E44477EE-6828-2837-8DE4-CF421F11CE3B} = {9048EB7F-3875-A59E-E36B-5BD4C6F2A282}
		{0B33C1A5-D235-481B-A379-066C6B9819C9} = {E44477EE-6828-2837-8DE4-CF421F11CE3B}
		{C7542521-C6DA-E1DE-3763-30DA17C69695} = {9048EB7F-3875-A59E-E36B-5BD4C6F2A282}
		{B3A03AEE-6E35-4452-AF20-704E32B8C914} = {C7542521-C6DA-E1DE-3763-30DA17C69695}
		{6996BBF7-DB31-59BC-C7DD-9A7CCC6138C4} = {827E0CD3-B72D-47B6-A68D-7590B98EB39B}
		{F830D33E-2158-97E9-31D2-79AFF3EE4A41} = {6996BBF7-DB31-59BC-C7DD-9A7CCC6138C4}
		{B820D4F6-5586-465E-A976-8C299748B382} = {F830D33E-2158-97E9-31D2-79AFF3EE4A41}
		{EE4E28B6-3165-AE53-8273-3230247E2E06} = {6996BBF7-DB31-59BC-C7DD-9A7CCC6138C4}
		{D4591000-3F3B-4DD8-A5EA-C11A42F7E4CB} = {EE4E28B6-3165-AE53-8273-3230247E2E06}
		{394A81D9-3C45-9818-BB26-23F2B85056FF} = {0AB3BF05-4346-4AA6-1389-037BE0695223}
		{A3B4AF24-E379-4A6F-A8FA-69C4AE55BE68} = {394A81D9-3C45-9818-BB26-23F2B85056FF}
		{30785934-E017-5D9F-2777-3D61460A5281} = {0AB3BF05-4346-4AA6-1389-037BE0695223}
		{7373973F-18F9-41FB-9161-66DA1EC29F79} = {30785934-E017-5D9F-2777-3D61460A5281}
		{08C9E1BB-0988-BD0B-E94F-1E38E0DB7406} = {0AB3BF05-4346-4AA6-1389-037BE0695223}
		{26EC9852-6A77-4972-A735-83A8449EB125} = {08C9E1BB-0988-BD0B-E94F-1E38E0DB7406}
	EndGlobalSection
EndGlobal
